
Microsoft Visual Studio Solution File, Format Version 12.00
Project("{FAE04EC0-301F-11D3-BF4B-00C04F79EFBC}") = "7.Working with Dates", "7.Working with Dates.csproj", "{53AD3226-8CA4-4B4E-B2C7-D97517A52F31}"
EndProject
Global
	GlobalSection(SolutionConfigurationPlatforms) = preSolution
		Debug|Any CPU = Debug|Any CPU
		Release|Any CPU = Release|Any CPU
	EndGlobalSection
	GlobalSection(ProjectConfigurationPlatforms) = postSolution
		{53AD3226-8CA4-4B4E-B2C7-D97517A52F31}.Debug|Any CPU.ActiveCfg = Debug|Any CPU
		{53AD3226-8CA4-4B4E-B2C7-D97517A52F31}.Debug|Any CPU.Build.0 = Debug|Any CPU
		{53AD3226-8CA4-4B4E-B2C7-D97517A52F31}.Release|Any CPU.ActiveCfg = Release|Any CPU
		{53AD3226-8CA4-4B4E-B2C7-D97517A52F31}.Release|Any CPU.Build.0 = Release|Any CPU
	EndGlobalSection
EndGlobal
