
Microsoft Visual Studio Solution File, Format Version 12.00
Project("{FAE04EC0-301F-11D3-BF4B-00C04F79EFBC}") = "Working with Text", "Working with Text.csproj", "{FC335FDC-0293-4E62-8AA2-D6F2A9619F8D}"
EndProject
Global
	GlobalSection(SolutionConfigurationPlatforms) = preSolution
		Debug|Any CPU = Debug|Any CPU
		Release|Any CPU = Release|Any CPU
	EndGlobalSection
	GlobalSection(ProjectConfigurationPlatforms) = postSolution
		{FC335FDC-0293-4E62-8AA2-D6F2A9619F8D}.Debug|Any CPU.ActiveCfg = Debug|Any CPU
		{FC335FDC-0293-4E62-8AA2-D6F2A9619F8D}.Debug|Any CPU.Build.0 = Debug|Any CPU
		{FC335FDC-0293-4E62-8AA2-D6F2A9619F8D}.Release|Any CPU.ActiveCfg = Release|Any CPU
		{FC335FDC-0293-4E62-8AA2-D6F2A9619F8D}.Release|Any CPU.Build.0 = Release|Any CPU
	EndGlobalSection
EndGlobal
