
Microsoft Visual Studio Solution File, Format Version 12.00
Project("{FAE04EC0-301F-11D3-BF4B-00C04F79EFBC}") = "Claude SideQuests", "Claude SideQuests.csproj", "{5E38D412-A908-47D9-A864-4B7B227FAB33}"
EndProject
Global
	GlobalSection(SolutionConfigurationPlatforms) = preSolution
		Debug|Any CPU = Debug|Any CPU
		Release|Any CPU = Release|Any CPU
	EndGlobalSection
	GlobalSection(ProjectConfigurationPlatforms) = postSolution
		{5E38D412-A908-47D9-A864-4B7B227FAB33}.Debug|Any CPU.ActiveCfg = Debug|Any CPU
		{5E38D412-A908-47D9-A864-4B7B227FAB33}.Debug|Any CPU.Build.0 = Debug|Any CPU
		{5E38D412-A908-47D9-A864-4B7B227FAB33}.Release|Any CPU.ActiveCfg = Release|Any CPU
		{5E38D412-A908-47D9-A864-4B7B227FAB33}.Release|Any CPU.Build.0 = Release|Any CPU
	EndGlobalSection
EndGlobal
